
Microsoft Visual Studio Solution File, Format Version 12.00
# Visual Studio Version 16
VisualStudioVersion = 16.0.34729.46
MinimumVisualStudioVersion = 10.0.40219.1
Project("{FAE04EC0-301F-11D3-BF4B-00C04F79EFBC}") = "BrokenLinks", "BrokenLinks\BrokenLinks.csproj", "{941C1AFF-A7DD-4502-B9BF-F18D0ADC1852}"
EndProject
Global
	GlobalSection(SolutionConfigurationPlatforms) = preSolution
		Debug|Any CPU = Debug|Any CPU
		Release|Any CPU = Release|Any CPU
	EndGlobalSection
	GlobalSection(ProjectConfigurationPlatforms) = postSolution
		{941C1AFF-A7DD-4502-B9BF-F18D0ADC1852}.Debug|Any CPU.ActiveCfg = Debug|Any CPU
		{941C1AFF-A7DD-4502-B9BF-F18D0ADC1852}.Debug|Any CPU.Build.0 = Debug|Any CPU
		{941C1AFF-A7DD-4502-B9BF-F18D0ADC1852}.Release|Any CPU.ActiveCfg = Release|Any CPU
		{941C1AFF-A7DD-4502-B9BF-F18D0ADC1852}.Release|Any CPU.Build.0 = Release|Any CPU
	EndGlobalSection
	GlobalSection(SolutionProperties) = preSolution
		HideSolutionNode = FALSE
	EndGlobalSection
	GlobalSection(ExtensibilityGlobals) = postSolution
		SolutionGuid = {CF3688DF-103D-4B75-8F5D-1C827EB9883B}
	EndGlobalSection
EndGlobal
